
Microsoft Visual Studio Solution File, Format Version 12.00
# Visual Studio Version 17
VisualStudioVersion = 17.11.35303.130
MinimumVisualStudioVersion = 10.0.40219.1
Project("{FAE04EC0-301F-11D3-BF4B-00C04F79EFBC}") = "WindowsFormsApp1", "WindowsFormsApp1\WindowsFormsApp1.csproj", "{95D6F065-17C8-477A-B855-07CEC7F280AF}"
EndProject
Global
	GlobalSection(SolutionConfigurationPlatforms) = preSolution
		Debug|Any CPU = Debug|Any CPU
		Release|Any CPU = Release|Any CPU
	EndGlobalSection
	GlobalSection(ProjectConfigurationPlatforms) = postSolution
		{95D6F065-17C8-477A-B855-07CEC7F280AF}.Debug|Any CPU.ActiveCfg = Debug|Any CPU
		{95D6F065-17C8-477A-B855-07CEC7F280AF}.Debug|Any CPU.Build.0 = Debug|Any CPU
		{95D6F065-17C8-477A-B855-07CEC7F280AF}.Release|Any CPU.ActiveCfg = Release|Any CPU
		{95D6F065-17C8-477A-B855-07CEC7F280AF}.Release|Any CPU.Build.0 = Release|Any CPU
	EndGlobalSection
	GlobalSection(SolutionProperties) = preSolution
		HideSolutionNode = FALSE
	EndGlobalSection
	GlobalSection(ExtensibilityGlobals) = postSolution
		SolutionGuid = {2EBBB85D-D3B1-4F13-BFBD-1051EF2CEEC0}
	EndGlobalSection
EndGlobal
